
Microsoft Visual Studio Solution File, Format Version 12.00
# Visual Studio Version 16
VisualStudioVersion = 16.0.30717.126
MinimumVisualStudioVersion = 10.0.40219.1
Project("{FAE04EC0-301F-11D3-BF4B-00C04F79EFBC}") = "NativeDictionary", "NativeDictionary.csproj", "{195D31B1-9CAD-415D-A9D6-BD2A761BF665}"
EndProject
Project("{FAE04EC0-301F-11D3-BF4B-00C04F79EFBC}") = "NativeDictionaryTests", "..\NativeDictionaryTests\NativeDictionaryTests.csproj", "{A4283134-D139-4EA2-9508-69F0D75932E6}"
EndProject
Global
	GlobalSection(SolutionConfigurationPlatforms) = preSolution
		Debug|Any CPU = Debug|Any CPU
		Release|Any CPU = Release|Any CPU
	EndGlobalSection
	GlobalSection(ProjectConfigurationPlatforms) = postSolution
		{195D31B1-9CAD-415D-A9D6-BD2A761BF665}.Debug|Any CPU.ActiveCfg = Debug|Any CPU
		{195D31B1-9CAD-415D-A9D6-BD2A761BF665}.Debug|Any CPU.Build.0 = Debug|Any CPU
		{195D31B1-9CAD-415D-A9D6-BD2A761BF665}.Release|Any CPU.ActiveCfg = Release|Any CPU
		{195D31B1-9CAD-415D-A9D6-BD2A761BF665}.Release|Any CPU.Build.0 = Release|Any CPU
		{A4283134-D139-4EA2-9508-69F0D75932E6}.Debug|Any CPU.ActiveCfg = Debug|Any CPU
		{A4283134-D139-4EA2-9508-69F0D75932E6}.Debug|Any CPU.Build.0 = Debug|Any CPU
		{A4283134-D139-4EA2-9508-69F0D75932E6}.Release|Any CPU.ActiveCfg = Release|Any CPU
		{A4283134-D139-4EA2-9508-69F0D75932E6}.Release|Any CPU.Build.0 = Release|Any CPU
	EndGlobalSection
	GlobalSection(SolutionProperties) = preSolution
		HideSolutionNode = FALSE
	EndGlobalSection
	GlobalSection(ExtensibilityGlobals) = postSolution
		SolutionGuid = {35A358A4-10A1-4404-B7DE-990F296DFC40}
	EndGlobalSection
EndGlobal
